
Microsoft Visual Studio Solution File, Format Version 12.00
Project("{FAE04EC0-301F-11D3-BF4B-00C04F79EFBC}") = "Eksamensopgave2017", "Eksamensopgave2017.csproj", "{FC29142A-C2CA-4CDD-BECA-56624A4778CA}"
EndProject
Global
	GlobalSection(SolutionConfigurationPlatforms) = preSolution
		Debug|Any CPU = Debug|Any CPU
		Release|Any CPU = Release|Any CPU
	EndGlobalSection
	GlobalSection(ProjectConfigurationPlatforms) = postSolution
		{FC29142A-C2CA-4CDD-BECA-56624A4778CA}.Debug|Any CPU.ActiveCfg = Debug|Any CPU
		{FC29142A-C2CA-4CDD-BECA-56624A4778CA}.Debug|Any CPU.Build.0 = Debug|Any CPU
		{FC29142A-C2CA-4CDD-BECA-56624A4778CA}.Release|Any CPU.ActiveCfg = Release|Any CPU
		{FC29142A-C2CA-4CDD-BECA-56624A4778CA}.Release|Any CPU.Build.0 = Release|Any CPU
	EndGlobalSection
EndGlobal
